
Microsoft Visual Studio Solution File, Format Version 12.00
# Visual Studio 2012
Project("{FAE04EC0-301F-11D3-BF4B-00C04F79EFBC}") = "Choveche", "Choveche\Choveche.csproj", "{F4E3D7ED-F221-4265-9F14-1CD7B64608BD}"
EndProject
Global
	GlobalSection(SolutionConfigurationPlatforms) = preSolution
		Debug|Any CPU = Debug|Any CPU
		Release|Any CPU = Release|Any CPU
	EndGlobalSection
	GlobalSection(ProjectConfigurationPlatforms) = postSolution
		{F4E3D7ED-F221-4265-9F14-1CD7B64608BD}.Debug|Any CPU.ActiveCfg = Debug|Any CPU
		{F4E3D7ED-F221-4265-9F14-1CD7B64608BD}.Debug|Any CPU.Build.0 = Debug|Any CPU
		{F4E3D7ED-F221-4265-9F14-1CD7B64608BD}.Release|Any CPU.ActiveCfg = Release|Any CPU
		{F4E3D7ED-F221-4265-9F14-1CD7B64608BD}.Release|Any CPU.Build.0 = Release|Any CPU
	EndGlobalSection
	GlobalSection(SolutionProperties) = preSolution
		HideSolutionNode = FALSE
	EndGlobalSection
EndGlobal
